// !$*UTF8*$!
{
	archiveVersion = 1;
	classes = {
	};
	objectVersion = 56;
	objects = {

/* Begin PBXBuildFile section */
		6468F30D1972D1644AF6CC9C /* Pods_SteamStore.framework in Frameworks */ = {isa = PBXBuildFile; fileRef = BB851B8A110C6B6C31F82296 /* Pods_SteamStore.framework */; };
		C98593CE2A4B685100B057D5 /* AppDelegate.swift in Sources */ = {isa = PBXBuildFile; fileRef = C98593CD2A4B685100B057D5 /* AppDelegate.swift */; };
		C98593D02A4B685100B057D5 /* SceneDelegate.swift in Sources */ = {isa = PBXBuildFile; fileRef = C98593CF2A4B685100B057D5 /* SceneDelegate.swift */; };
		C98593D22A4B685100B057D5 /* iniciarSesionViewController.swift in Sources */ = {isa = PBXBuildFile; fileRef = C98593D12A4B685100B057D5 /* iniciarSesionViewController.swift */; };
		C98593D52A4B685100B057D5 /* Main.storyboard in Resources */ = {isa = PBXBuildFile; fileRef = C98593D32A4B685100B057D5 /* Main.storyboard */; };
		C98593D72A4B685200B057D5 /* Assets.xcassets in Resources */ = {isa = PBXBuildFile; fileRef = C98593D62A4B685200B057D5 /* Assets.xcassets */; };
		C98593DA2A4B685200B057D5 /* LaunchScreen.storyboard in Resources */ = {isa = PBXBuildFile; fileRef = C98593D82A4B685200B057D5 /* LaunchScreen.storyboard */; };
		C9D2FB6F2A4C775300A63621 /* GoogleService-Info.plist in Resources */ = {isa = PBXBuildFile; fileRef = C9D2FB6E2A4C775300A63621 /* GoogleService-Info.plist */; };
/* End PBXBuildFile section */

/* Begin PBXFileReference section */
		0E88E3B984998086835FFE7D /* Pods-SteamStore.debug.xcconfig */ = {isa = PBXFileReference; includeInIndex = 1; lastKnownFileType = text.xcconfig; name = "Pods-SteamStore.debug.xcconfig"; path = "Target Support Files/Pods-SteamStore/Pods-SteamStore.debug.xcconfig"; sourceTree = "<group>"; };
		BB2C7075B73697E36C78912C /* Pods-SteamStore.release.xcconfig */ = {isa = PBXFileReference; includeInIndex = 1; lastKnownFileType = text.xcconfig; name = "Pods-SteamStore.release.xcconfig"; path = "Target Support Files/Pods-SteamStore/Pods-SteamStore.release.xcconfig"; sourceTree = "<group>"; };
		BB851B8A110C6B6C31F82296 /* Pods_SteamStore.framework */ = {isa = PBXFileReference; explicitFileType = wrapper.framework; includeInIndex = 0; path = Pods_SteamStore.framework; sourceTree = BUILT_PRODUCTS_DIR; };
		C98593CA2A4B685100B057D5 /* SteamStore.app */ = {isa = PBXFileReference; explicitFileType = wrapper.application; includeInIndex = 0; path = SteamStore.app; sourceTree = BUILT_PRODUCTS_DIR; };
		C98593CD2A4B685100B057D5 /* AppDelegate.swift */ = {isa = PBXFileReference; lastKnownFileType = sourcecode.swift; path = AppDelegate.swift; sourceTree = "<group>"; };
		C98593CF2A4B685100B057D5 /* SceneDelegate.swift */ = {isa = PBXFileReference; lastKnownFileType = sourcecode.swift; path = SceneDelegate.swift; sourceTree = "<group>"; };
		C98593D12A4B685100B057D5 /* iniciarSesionViewController.swift */ = {isa = PBXFileReference; lastKnownFileType = sourcecode.swift; path = iniciarSesionViewController.swift; sourceTree = "<group>"; };
		C98593D42A4B685100B057D5 /* Base */ = {isa = PBXFileReference; lastKnownFileType = file.storyboard; name = Base; path = Base.lproj/Main.storyboard; sourceTree = "<group>"; };
		C98593D62A4B685200B057D5 /* Assets.xcassets */ = {isa = PBXFileReference; lastKnownFileType = folder.assetcatalog; path = Assets.xcassets; sourceTree = "<group>"; };
		C98593D92A4B685200B057D5 /* Base */ = {isa = PBXFileReference; lastKnownFileType = file.storyboard; name = Base; path = Base.lproj/LaunchScreen.storyboard; sourceTree = "<group>"; };
		C98593DB2A4B685200B057D5 /* Info.plist */ = {isa = PBXFileReference; lastKnownFileType = text.plist.xml; path = Info.plist; sourceTree = "<group>"; };
		C9D2FB6E2A4C775300A63621 /* GoogleService-Info.plist */ = {isa = PBXFileReference; fileEncoding = 4; lastKnownFileType = text.plist.xml; path = "GoogleService-Info.plist"; sourceTree = "<group>"; };
		C9D2FB702A4C8CB400A63621 /* SteamStore.entitlements */ = {isa = PBXFileReference; lastKnownFileType = text.plist.entitlements; path = SteamStore.entitlements; sourceTree = "<group>"; };
/* End PBXFileReference section */

/* Begin PBXFrameworksBuildPhase section */
		C98593C72A4B685100B057D5 /* Frameworks */ = {
			isa = PBXFrameworksBuildPhase;
			buildActionMask = 2147483647;
			files = (
				6468F30D1972D1644AF6CC9C /* Pods_SteamStore.framework in Frameworks */,
			);
			runOnlyForDeploymentPostprocessing = 0;
		};
/* End PBXFrameworksBuildPhase section */

/* Begin PBXGroup section */
		76D4E3DFCB8ADB3E111D76ED /* Pods */ = {
			isa = PBXGroup;
			children = (
				0E88E3B984998086835FFE7D /* Pods-SteamStore.debug.xcconfig */,
				BB2C7075B73697E36C78912C /* Pods-SteamStore.release.xcconfig */,
			);
			path = Pods;
			sourceTree = "<group>";
		};
		C5C6D38D19CE0CDB2A43AB1C /* Frameworks */ = {
			isa = PBXGroup;
			children = (
				BB851B8A110C6B6C31F82296 /* Pods_SteamStore.framework */,
			);
			name = Frameworks;
			sourceTree = "<group>";
		};
		C98593C12A4B685100B057D5 = {
			isa = PBXGroup;
			children = (
				C98593CC2A4B685100B057D5 /* SteamStore */,
				C98593CB2A4B685100B057D5 /* Products */,
				76D4E3DFCB8ADB3E111D76ED /* Pods */,
				C5C6D38D19CE0CDB2A43AB1C /* Frameworks */,
			);
			sourceTree = "<group>";
		};
		C98593CB2A4B685100B057D5 /* Products */ = {
			isa = PBXGroup;
			children = (
				C98593CA2A4B685100B057D5 /* SteamStore.app */,
			);
			name = Products;
			sourceTree = "<group>";
		};
		C98593CC2A4B685100B057D5 /* SteamStore */ = {
			isa = PBXGroup;
			children = (
				C9D2FB702A4C8CB400A63621 /* SteamStore.entitlements */,
				C9D2FB6E2A4C775300A63621 /* GoogleService-Info.plist */,
				C98593CD2A4B685100B057D5 /* AppDelegate.swift */,
				C98593CF2A4B685100B057D5 /* SceneDelegate.swift */,
				C98593D12A4B685100B057D5 /* iniciarSesionViewController.swift */,
				C98593D32A4B685100B057D5 /* Main.storyboard */,
				C98593D62A4B685200B057D5 /* Assets.xcassets */,
				C98593D82A4B685200B057D5 /* LaunchScreen.storyboard */,
				C98593DB2A4B685200B057D5 /* Info.plist */,
			);
			path = SteamStore;
			sourceTree = "<group>";
		};
/* End PBXGroup section */

/* Begin PBXNativeTarget section */
		C98593C92A4B685100B057D5 /* SteamStore */ = {
			isa = PBXNativeTarget;
			buildConfigurationList = C98593DE2A4B685200B057D5 /* Build configuration list for PBXNativeTarget "SteamStore" */;
			buildPhases = (
				07B066399CF3EB9AFB29D332 /* [CP] Check Pods Manifest.lock */,
				C98593C62A4B685100B057D5 /* Sources */,
				C98593C72A4B685100B057D5 /* Frameworks */,
				C98593C82A4B685100B057D5 /* Resources */,
				2BFE6C140679E843937685B9 /* [CP] Embed Pods Frameworks */,
			);
			buildRules = (
			);
			dependencies = (
			);
			name = SteamStore;
			productName = SteamStore;
			productReference = C98593CA2A4B685100B057D5 /* SteamStore.app */;
			productType = "com.apple.product-type.application";
		};
/* End PBXNativeTarget section */

/* Begin PBXProject section */
		C98593C22A4B685100B057D5 /* Project object */ = {
			isa = PBXProject;
			attributes = {
				BuildIndependentTargetsInParallel = 1;
				LastSwiftUpdateCheck = 1430;
				LastUpgradeCheck = 1430;
				TargetAttributes = {
					C98593C92A4B685100B057D5 = {
						CreatedOnToolsVersion = 14.3.1;
					};
				};
			};
			buildConfigurationList = C98593C52A4B685100B057D5 /* Build configuration list for PBXProject "SteamStore" */;
			compatibilityVersion = "Xcode 14.0";
			developmentRegion = en;
			hasScannedForEncodings = 0;
			knownRegions = (
				en,
				Base,
			);
			mainGroup = C98593C12A4B685100B057D5;
			productRefGroup = C98593CB2A4B685100B057D5 /* Products */;
			projectDirPath = "";
			projectRoot = "";
			targets = (
				C98593C92A4B685100B057D5 /* SteamStore */,
			);
		};
/* End PBXProject section */

/* Begin PBXResourcesBuildPhase section */
		C98593C82A4B685100B057D5 /* Resources */ = {
			isa = PBXResourcesBuildPhase;
			buildActionMask = 2147483647;
			files = (
				C98593DA2A4B685200B057D5 /* LaunchScreen.storyboard in Resources */,
				C9D2FB6F2A4C775300A63621 /* GoogleService-Info.plist in Resources */,
				C98593D72A4B685200B057D5 /* Assets.xcassets in Resources */,
				C98593D52A4B685100B057D5 /* Main.storyboard in Resources */,
			);
			runOnlyForDeploymentPostprocessing = 0;
		};
/* End PBXResourcesBuildPhase section */

/* Begin PBXShellScriptBuildPhase section */
		07B066399CF3EB9AFB29D332 /* [CP] Check Pods Manifest.lock */ = {
			isa = PBXShellScriptBuildPhase;
			buildActionMask = 2147483647;
			files = (
			);
			inputFileListPaths = (
			);
			inputPaths = (
				"${PODS_PODFILE_DIR_PATH}/Podfile.lock",
				"${PODS_ROOT}/Manifest.lock",
			);
			name = "[CP] Check Pods Manifest.lock";
			outputFileListPaths = (
			);
			outputPaths = (
				"$(DERIVED_FILE_DIR)/Pods-SteamStore-checkManifestLockResult.txt",
			);
			runOnlyForDeploymentPostprocessing = 0;
			shellPath = /bin/sh;
			shellScript = "diff \"${PODS_PODFILE_DIR_PATH}/Podfile.lock\" \"${PODS_ROOT}/Manifest.lock\" > /dev/null\nif [ $? != 0 ] ; then\n    # print error to STDERR\n    echo \"error: The sandbox is not in sync with the Podfile.lock. Run 'pod install' or update your CocoaPods installation.\" >&2\n    exit 1\nfi\n# This output is used by Xcode 'outputs' to avoid re-running this script phase.\necho \"SUCCESS\" > \"${SCRIPT_OUTPUT_FILE_0}\"\n";
			showEnvVarsInLog = 0;
		};
		2BFE6C140679E843937685B9 /* [CP] Embed Pods Frameworks */ = {
			isa = PBXShellScriptBuildPhase;
			buildActionMask = 2147483647;
			files = (
			);
			inputFileListPaths = (
				"${PODS_ROOT}/Target Support Files/Pods-SteamStore/Pods-SteamStore-frameworks-${CONFIGURATION}-input-files.xcfilelist",
			);
			name = "[CP] Embed Pods Frameworks";
			outputFileListPaths = (
				"${PODS_ROOT}/Target Support Files/Pods-SteamStore/Pods-SteamStore-frameworks-${CONFIGURATION}-output-files.xcfilelist",
			);
			runOnlyForDeploymentPostprocessing = 0;
			shellPath = /bin/sh;
			shellScript = "\"${PODS_ROOT}/Target Support Files/Pods-SteamStore/Pods-SteamStore-frameworks.sh\"\n";
			showEnvVarsInLog = 0;
		};
/* End PBXShellScriptBuildPhase section */

/* Begin PBXSourcesBuildPhase section */
		C98593C62A4B685100B057D5 /* Sources */ = {
			isa = PBXSourcesBuildPhase;
			buildActionMask = 2147483647;
			files = (
				C98593D22A4B685100B057D5 /* iniciarSesionViewController.swift in Sources */,
				C98593CE2A4B685100B057D5 /* AppDelegate.swift in Sources */,
				C98593D02A4B685100B057D5 /* SceneDelegate.swift in Sources */,
			);
			runOnlyForDeploymentPostprocessing = 0;
		};
/* End PBXSourcesBuildPhase section */

/* Begin PBXVariantGroup section */
		C98593D32A4B685100B057D5 /* Main.storyboard */ = {
			isa = PBXVariantGroup;
			children = (
				C98593D42A4B685100B057D5 /* Base */,
			);
			name = Main.storyboard;
			sourceTree = "<group>";
		};
		C98593D82A4B685200B057D5 /* LaunchScreen.storyboard */ = {
			isa = PBXVariantGroup;
			children = (
				C98593D92A4B685200B057D5 /* Base */,
			);
			name = LaunchScreen.storyboard;
			sourceTree = "<group>";
		};
/* End PBXVariantGroup section */

/* Begin XCBuildConfiguration section */
		C98593DC2A4B685200B057D5 /* Debug */ = {
			isa = XCBuildConfiguration;
			buildSettings = {
				ALWAYS_SEARCH_USER_PATHS = NO;
				CLANG_ANALYZER_NONNULL = YES;
				CLANG_ANALYZER_NUMBER_OBJECT_CONVERSION = YES_AGGRESSIVE;
				CLANG_CXX_LANGUAGE_STANDARD = "gnu++20";
				CLANG_ENABLE_MODULES = YES;
				CLANG_ENABLE_OBJC_ARC = YES;
				CLANG_ENABLE_OBJC_WEAK = YES;
				CLANG_WARN_BLOCK_CAPTURE_AUTORELEASING = YES;
				CLANG_WARN_BOOL_CONVERSION = YES;
				CLANG_WARN_COMMA = YES;
				CLANG_WARN_CONSTANT_CONVERSION = YES;
				CLANG_WARN_DEPRECATED_OBJC_IMPLEMENTATIONS = YES;
				CLANG_WARN_DIRECT_OBJC_ISA_USAGE = YES_ERROR;
				CLANG_WARN_DOCUMENTATION_COMMENTS = YES;
				CLANG_WARN_EMPTY_BODY = YES;
				CLANG_WARN_ENUM_CONVERSION = YES;
				CLANG_WARN_INFINITE_RECURSION = YES;
				CLANG_WARN_INT_CONVERSION = YES;
				CLANG_WARN_NON_LITERAL_NULL_CONVERSION = YES;
				CLANG_WARN_OBJC_IMPLICIT_RETAIN_SELF = YES;
				CLANG_WARN_OBJC_LITERAL_CONVERSION = YES;
				CLANG_WARN_OBJC_ROOT_CLASS = YES_ERROR;
				CLANG_WARN_QUOTED_INCLUDE_IN_FRAMEWORK_HEADER = YES;
				CLANG_WARN_RANGE_LOOP_ANALYSIS = YES;
				CLANG_WARN_STRICT_PROTOTYPES = YES;
				CLANG_WARN_SUSPICIOUS_MOVE = YES;
				CLANG_WARN_UNGUARDED_AVAILABILITY = YES_AGGRESSIVE;
				CLANG_WARN_UNREACHABLE_CODE = YES;
				CLANG_WARN__DUPLICATE_METHOD_MATCH = YES;
				COPY_PHASE_STRIP = NO;
				DEBUG_INFORMATION_FORMAT = dwarf;
				ENABLE_STRICT_OBJC_MSGSEND = YES;
				ENABLE_TESTABILITY = YES;
				GCC_C_LANGUAGE_STANDARD = gnu11;
				GCC_DYNAMIC_NO_PIC = NO;
				GCC_NO_COMMON_BLOCKS = YES;
				GCC_OPTIMIZATION_LEVEL = 0;
				GCC_PREPROCESSOR_DEFINITIONS = (
					"DEBUG=1",
					"$(inherited)",
				);
				GCC_WARN_64_TO_32_BIT_CONVERSION = YES;
				GCC_WARN_ABOUT_RETURN_TYPE = YES_ERROR;
				GCC_WARN_UNDECLARED_SELECTOR = YES;
				GCC_WARN_UNINITIALIZED_AUTOS = YES_AGGRESSIVE;
				GCC_WARN_UNUSED_FUNCTION = YES;
				GCC_WARN_UNUSED_VARIABLE = YES;
				IPHONEOS_DEPLOYMENT_TARGET = 16.4;
				MTL_ENABLE_DEBUG_INFO = INCLUDE_SOURCE;
				MTL_FAST_MATH = YES;
				ONLY_ACTIVE_ARCH = YES;
				SDKROOT = iphoneos;
				SWIFT_ACTIVE_COMPILATION_CONDITIONS = DEBUG;
				SWIFT_OPTIMIZATION_LEVEL = "-Onone";
			};
			name = Debug;
		};
		C98593DD2A4B685200B057D5 /* Release */ = {
			isa = XCBuildConfiguration;
			buildSettings = {
				ALWAYS_SEARCH_USER_PATHS = NO;
				CLANG_ANALYZER_NONNULL = YES;
				CLANG_ANALYZER_NUMBER_OBJECT_CONVERSION = YES_AGGRESSIVE;
				CLANG_CXX_LANGUAGE_STANDARD = "gnu++20";
				CLANG_ENABLE_MODULES = YES;
				CLANG_ENABLE_OBJC_ARC = YES;
				CLANG_ENABLE_OBJC_WEAK = YES;
				CLANG_WARN_BLOCK_CAPTURE_AUTORELEASING = YES;
				CLANG_WARN_BOOL_CONVERSION = YES;
				CLANG_WARN_COMMA = YES;
				CLANG_WARN_CONSTANT_CONVERSION = YES;
				CLANG_WARN_DEPRECATED_OBJC_IMPLEMENTATIONS = YES;
				CLANG_WARN_DIRECT_OBJC_ISA_USAGE = YES_ERROR;
				CLANG_WARN_DOCUMENTATION_COMMENTS = YES;
				CLANG_WARN_EMPTY_BODY = YES;
				CLANG_WARN_ENUM_CONVERSION = YES;
				CLANG_WARN_INFINITE_RECURSION = YES;
				CLANG_WARN_INT_CONVERSION = YES;
				CLANG_WARN_NON_LITERAL_NULL_CONVERSION = YES;
				CLANG_WARN_OBJC_IMPLICIT_RETAIN_SELF = YES;
				CLANG_WARN_OBJC_LITERAL_CONVERSION = YES;
				CLANG_WARN_OBJC_ROOT_CLASS = YES_ERROR;
				CLANG_WARN_QUOTED_INCLUDE_IN_FRAMEWORK_HEADER = YES;
				CLANG_WARN_RANGE_LOOP_ANALYSIS = YES;
				CLANG_WARN_STRICT_PROTOTYPES = YES;
				CLANG_WARN_SUSPICIOUS_MOVE = YES;
				CLANG_WARN_UNGUARDED_AVAILABILITY = YES_AGGRESSIVE;
				CLANG_WARN_UNREACHABLE_CODE = YES;
				CLANG_WARN__DUPLICATE_METHOD_MATCH = YES;
				COPY_PHASE_STRIP = NO;
				DEBUG_INFORMATION_FORMAT = "dwarf-with-dsym";
				ENABLE_NS_ASSERTIONS = NO;
				ENABLE_STRICT_OBJC_MSGSEND = YES;
				GCC_C_LANGUAGE_STANDARD = gnu11;
				GCC_NO_COMMON_BLOCKS = YES;
				GCC_WARN_64_TO_32_BIT_CONVERSION = YES;
				GCC_WARN_ABOUT_RETURN_TYPE = YES_ERROR;
				GCC_WARN_UNDECLARED_SELECTOR = YES;
				GCC_WARN_UNINITIALIZED_AUTOS = YES_AGGRESSIVE;
				GCC_WARN_UNUSED_FUNCTION = YES;
				GCC_WARN_UNUSED_VARIABLE = YES;
				IPHONEOS_DEPLOYMENT_TARGET = 16.4;
				MTL_ENABLE_DEBUG_INFO = NO;
				MTL_FAST_MATH = YES;
				SDKROOT = iphoneos;
				SWIFT_COMPILATION_MODE = wholemodule;
				SWIFT_OPTIMIZATION_LEVEL = "-O";
				VALIDATE_PRODUCT = YES;
			};
			name = Release;
		};
		C98593DF2A4B685200B057D5 /* Debug */ = {
			isa = XCBuildConfiguration;
			baseConfigurationReference = 0E88E3B984998086835FFE7D /* Pods-SteamStore.debug.xcconfig */;
			buildSettings = {
				ASSETCATALOG_COMPILER_APPICON_NAME = AppIcon;
				ASSETCATALOG_COMPILER_GLOBAL_ACCENT_COLOR_NAME = AccentColor;
				CODE_SIGN_ENTITLEMENTS = SteamStore/SteamStore.entitlements;
				CODE_SIGN_STYLE = Automatic;
				CURRENT_PROJECT_VERSION = 1;
				DEVELOPMENT_TEAM = "";
				GENERATE_INFOPLIST_FILE = YES;
				INFOPLIST_FILE = SteamStore/Info.plist;
				INFOPLIST_KEY_UIApplicationSupportsIndirectInputEvents = YES;
				INFOPLIST_KEY_UILaunchStoryboardName = LaunchScreen;
				INFOPLIST_KEY_UIMainStoryboardFile = Main;
				INFOPLIST_KEY_UISupportedInterfaceOrientations_iPad = "UIInterfaceOrientationPortrait UIInterfaceOrientationPortraitUpsideDown UIInterfaceOrientationLandscapeLeft UIInterfaceOrientationLandscapeRight";
				INFOPLIST_KEY_UISupportedInterfaceOrientations_iPhone = "UIInterfaceOrientationPortrait UIInterfaceOrientationLandscapeLeft UIInterfaceOrientationLandscapeRight";
				IPHONEOS_DEPLOYMENT_TARGET = 16.2;
				LD_RUNPATH_SEARCH_PATHS = (
					"$(inherited)",
					"@executable_path/Frameworks",
				);
				MARKETING_VERSION = 1.0;
				PRODUCT_BUNDLE_IDENTIFIER = com.miempresa.SteamStore;
				PRODUCT_NAME = "$(TARGET_NAME)";
				SWIFT_EMIT_LOC_STRINGS = YES;
				SWIFT_VERSION = 5.0;
				TARGETED_DEVICE_FAMILY = "1,2";
			};
			name = Debug;
		};
		C98593E02A4B685200B057D5 /* Release */ = {
			isa = XCBuildConfiguration;
			baseConfigurationReference = BB2C7075B73697E36C78912C /* Pods-SteamStore.release.xcconfig */;
			buildSettings = {
				ASSETCATALOG_COMPILER_APPICON_NAME = AppIcon;
				ASSETCATALOG_COMPILER_GLOBAL_ACCENT_COLOR_NAME = AccentColor;
				CODE_SIGN_ENTITLEMENTS = SteamStore/SteamStore.entitlements;
				CODE_SIGN_STYLE = Automatic;
				CURRENT_PROJECT_VERSION = 1;
				DEVELOPMENT_TEAM = "";
				GENERATE_INFOPLIST_FILE = YES;
				INFOPLIST_FILE = SteamStore/Info.plist;
				INFOPLIST_KEY_UIApplicationSupportsIndirectInputEvents = YES;
				INFOPLIST_KEY_UILaunchStoryboardName = LaunchScreen;
				INFOPLIST_KEY_UIMainStoryboardFile = Main;
				INFOPLIST_KEY_UISupportedInterfaceOrientations_iPad = "UIInterfaceOrientationPortrait UIInterfaceOrientationPortraitUpsideDown UIInterfaceOrientationLandscapeLeft UIInterfaceOrientationLandscapeRight";
				INFOPLIST_KEY_UISupportedInterfaceOrientations_iPhone = "UIInterfaceOrientationPortrait UIInterfaceOrientationLandscapeLeft UIInterfaceOrientationLandscapeRight";
				IPHONEOS_DEPLOYMENT_TARGET = 16.2;
				LD_RUNPATH_SEARCH_PATHS = (
					"$(inherited)",
					"@executable_path/Frameworks",
				);
				MARKETING_VERSION = 1.0;
				PRODUCT_BUNDLE_IDENTIFIER = com.miempresa.SteamStore;
				PRODUCT_NAME = "$(TARGET_NAME)";
				SWIFT_EMIT_LOC_STRINGS = YES;
				SWIFT_VERSION = 5.0;
				TARGETED_DEVICE_FAMILY = "1,2";
			};
			name = Release;
		};
/* End XCBuildConfiguration section */

/* Begin XCConfigurationList section */
		C98593C52A4B685100B057D5 /* Build configuration list for PBXProject "SteamStore" */ = {
			isa = XCConfigurationList;
			buildConfigurations = (
				C98593DC2A4B685200B057D5 /* Debug */,
				C98593DD2A4B685200B057D5 /* Release */,
			);
			defaultConfigurationIsVisible = 0;
			defaultConfigurationName = Release;
		};
		C98593DE2A4B685200B057D5 /* Build configuration list for PBXNativeTarget "SteamStore" */ = {
			isa = XCConfigurationList;
			buildConfigurations = (
				C98593DF2A4B685200B057D5 /* Debug */,
				C98593E02A4B685200B057D5 /* Release */,
			);
			defaultConfigurationIsVisible = 0;
			defaultConfigurationName = Release;
		};
/* End XCConfigurationList section */
	};
	rootObject = C98593C22A4B685100B057D5 /* Project object */;
}
